
Microsoft Visual Studio Solution File, Format Version 12.00
# Visual Studio 15
VisualStudioVersion = 15.0.27703.2018
MinimumVisualStudioVersion = 10.0.40219.1
Project("{FAE04EC0-301F-11D3-BF4B-00C04F79EFBC}") = "MyDapper", "MyDapper\MyDapper.csproj", "{C0DD8C27-6026-465A-9486-0434259E4E29}"
EndProject
Global
	GlobalSection(SolutionConfigurationPlatforms) = preSolution
		Debug|Any CPU = Debug|Any CPU
		Release|Any CPU = Release|Any CPU
	EndGlobalSection
	GlobalSection(ProjectConfigurationPlatforms) = postSolution
		{C0DD8C27-6026-465A-9486-0434259E4E29}.Debug|Any CPU.ActiveCfg = Debug|Any CPU
		{C0DD8C27-6026-465A-9486-0434259E4E29}.Debug|Any CPU.Build.0 = Debug|Any CPU
		{C0DD8C27-6026-465A-9486-0434259E4E29}.Release|Any CPU.ActiveCfg = Release|Any CPU
		{C0DD8C27-6026-465A-9486-0434259E4E29}.Release|Any CPU.Build.0 = Release|Any CPU
	EndGlobalSection
	GlobalSection(SolutionProperties) = preSolution
		HideSolutionNode = FALSE
	EndGlobalSection
	GlobalSection(ExtensibilityGlobals) = postSolution
		SolutionGuid = {CF1A2D64-7DC4-4631-974B-18F9DEC60CDD}
	EndGlobalSection
EndGlobal
